
Microsoft Visual Studio Solution File, Format Version 12.00
# Visual Studio Version 17
VisualStudioVersion = 17.8.34525.116
MinimumVisualStudioVersion = 10.0.40219.1
Project("{FAE04EC0-301F-11D3-BF4B-00C04F79EFBC}") = "UnitTesting", "UnitTesting\UnitTesting.csproj", "{FAB76029-845D-46D0-A707-D90354C66B2D}"
EndProject
Project("{FAE04EC0-301F-11D3-BF4B-00C04F79EFBC}") = "PercentageCalculator", "PercentageCalculator\PercentageCalculator.csproj", "{0667DA67-5C62-41E9-8BBB-FBDA60952119}"
EndProject
Global
	GlobalSection(SolutionConfigurationPlatforms) = preSolution
		Debug|Any CPU = Debug|Any CPU
		Release|Any CPU = Release|Any CPU
	EndGlobalSection
	GlobalSection(ProjectConfigurationPlatforms) = postSolution
		{FAB76029-845D-46D0-A707-D90354C66B2D}.Debug|Any CPU.ActiveCfg = Debug|Any CPU
		{FAB76029-845D-46D0-A707-D90354C66B2D}.Debug|Any CPU.Build.0 = Debug|Any CPU
		{FAB76029-845D-46D0-A707-D90354C66B2D}.Release|Any CPU.ActiveCfg = Release|Any CPU
		{FAB76029-845D-46D0-A707-D90354C66B2D}.Release|Any CPU.Build.0 = Release|Any CPU
		{0667DA67-5C62-41E9-8BBB-FBDA60952119}.Debug|Any CPU.ActiveCfg = Debug|Any CPU
		{0667DA67-5C62-41E9-8BBB-FBDA60952119}.Debug|Any CPU.Build.0 = Debug|Any CPU
		{0667DA67-5C62-41E9-8BBB-FBDA60952119}.Release|Any CPU.ActiveCfg = Release|Any CPU
		{0667DA67-5C62-41E9-8BBB-FBDA60952119}.Release|Any CPU.Build.0 = Release|Any CPU
	EndGlobalSection
	GlobalSection(SolutionProperties) = preSolution
		HideSolutionNode = FALSE
	EndGlobalSection
	GlobalSection(ExtensibilityGlobals) = postSolution
		SolutionGuid = {3D5D75C8-0068-47B7-BC3A-C050F251E074}
	EndGlobalSection
EndGlobal
